
Microsoft Visual Studio Solution File, Format Version 12.00
# Visual Studio Version 17
VisualStudioVersion = 17.7.34302.85
MinimumVisualStudioVersion = 10.0.40219.1
Project("{9A19103F-16F7-4668-BE54-9A1E7A4F7556}") = "HW_3_2_Ponomarev_var_3", "HW_3_2_Ponomarev_var_3\HW_3_2_Ponomarev_var_3.csproj", "{D8AD00EC-2191-45C1-8431-12ADE70A2038}"
EndProject
Project("{9A19103F-16F7-4668-BE54-9A1E7A4F7556}") = "JsonLibrary", "JsonLibrary\JsonLibrary.csproj", "{C095A3AC-32E6-4605-8250-FD9C8CED1A37}"
EndProject
Project("{FAE04EC0-301F-11D3-BF4B-00C04F79EFBC}") = "UiTools", "UiTools\UiTools.csproj", "{F0B399C0-05BD-4D04-91D7-F8C8FD920835}"
EndProject
Global
	GlobalSection(SolutionConfigurationPlatforms) = preSolution
		Debug|Any CPU = Debug|Any CPU
		Release|Any CPU = Release|Any CPU
	EndGlobalSection
	GlobalSection(ProjectConfigurationPlatforms) = postSolution
		{D8AD00EC-2191-45C1-8431-12ADE70A2038}.Debug|Any CPU.ActiveCfg = Debug|Any CPU
		{D8AD00EC-2191-45C1-8431-12ADE70A2038}.Debug|Any CPU.Build.0 = Debug|Any CPU
		{D8AD00EC-2191-45C1-8431-12ADE70A2038}.Release|Any CPU.ActiveCfg = Release|Any CPU
		{D8AD00EC-2191-45C1-8431-12ADE70A2038}.Release|Any CPU.Build.0 = Release|Any CPU
		{C095A3AC-32E6-4605-8250-FD9C8CED1A37}.Debug|Any CPU.ActiveCfg = Debug|Any CPU
		{C095A3AC-32E6-4605-8250-FD9C8CED1A37}.Debug|Any CPU.Build.0 = Debug|Any CPU
		{C095A3AC-32E6-4605-8250-FD9C8CED1A37}.Release|Any CPU.ActiveCfg = Release|Any CPU
		{C095A3AC-32E6-4605-8250-FD9C8CED1A37}.Release|Any CPU.Build.0 = Release|Any CPU
		{F0B399C0-05BD-4D04-91D7-F8C8FD920835}.Debug|Any CPU.ActiveCfg = Debug|Any CPU
		{F0B399C0-05BD-4D04-91D7-F8C8FD920835}.Debug|Any CPU.Build.0 = Debug|Any CPU
		{F0B399C0-05BD-4D04-91D7-F8C8FD920835}.Release|Any CPU.ActiveCfg = Release|Any CPU
		{F0B399C0-05BD-4D04-91D7-F8C8FD920835}.Release|Any CPU.Build.0 = Release|Any CPU
	EndGlobalSection
	GlobalSection(SolutionProperties) = preSolution
		HideSolutionNode = FALSE
	EndGlobalSection
	GlobalSection(ExtensibilityGlobals) = postSolution
		SolutionGuid = {67B1D3E8-3FE7-4BEC-8060-C403BEFCC51F}
	EndGlobalSection
EndGlobal
